
Microsoft Visual Studio Solution File, Format Version 12.00
# Visual Studio Version 17
VisualStudioVersion = 17.5.33516.290
MinimumVisualStudioVersion = 10.0.40219.1
Project("{FAE04EC0-301F-11D3-BF4B-00C04F79EFBC}") = "ReactExtension.Demo", "ReactExtension.Demo\ReactExtension.Demo.csproj", "{DA91A313-535B-44F0-9F15-3BA6E81DE056}"
EndProject
Global
	GlobalSection(SolutionConfigurationPlatforms) = preSolution
		Debug|Any CPU = Debug|Any CPU
		Release|Any CPU = Release|Any CPU
	EndGlobalSection
	GlobalSection(ProjectConfigurationPlatforms) = postSolution
		{DA91A313-535B-44F0-9F15-3BA6E81DE056}.Debug|Any CPU.ActiveCfg = Debug|Any CPU
		{DA91A313-535B-44F0-9F15-3BA6E81DE056}.Debug|Any CPU.Build.0 = Debug|Any CPU
		{DA91A313-535B-44F0-9F15-3BA6E81DE056}.Release|Any CPU.ActiveCfg = Release|Any CPU
		{DA91A313-535B-44F0-9F15-3BA6E81DE056}.Release|Any CPU.Build.0 = Release|Any CPU
	EndGlobalSection
	GlobalSection(SolutionProperties) = preSolution
		HideSolutionNode = FALSE
	EndGlobalSection
	GlobalSection(ExtensibilityGlobals) = postSolution
		SolutionGuid = {DC0C956E-612E-4441-AFB2-A0CD8964D039}
	EndGlobalSection
EndGlobal
