
Microsoft Visual Studio Solution File, Format Version 12.00
# Visual Studio Version 17
VisualStudioVersion = 17.5.33516.290
MinimumVisualStudioVersion = 10.0.40219.1
Project("{FAE04EC0-301F-11D3-BF4B-00C04F79EFBC}") = "AsyncAwait.Demo", "AsyncAwait.Demo\AsyncAwait.Demo.csproj", "{F31611C8-B8F2-4603-AAAF-FBA487D30373}"
EndProject
Global
	GlobalSection(SolutionConfigurationPlatforms) = preSolution
		Debug|Any CPU = Debug|Any CPU
		Release|Any CPU = Release|Any CPU
	EndGlobalSection
	GlobalSection(ProjectConfigurationPlatforms) = postSolution
		{F31611C8-B8F2-4603-AAAF-FBA487D30373}.Debug|Any CPU.ActiveCfg = Debug|Any CPU
		{F31611C8-B8F2-4603-AAAF-FBA487D30373}.Debug|Any CPU.Build.0 = Debug|Any CPU
		{F31611C8-B8F2-4603-AAAF-FBA487D30373}.Release|Any CPU.ActiveCfg = Release|Any CPU
		{F31611C8-B8F2-4603-AAAF-FBA487D30373}.Release|Any CPU.Build.0 = Release|Any CPU
	EndGlobalSection
	GlobalSection(SolutionProperties) = preSolution
		HideSolutionNode = FALSE
	EndGlobalSection
	GlobalSection(ExtensibilityGlobals) = postSolution
		SolutionGuid = {8AE38191-6889-45BD-86E5-DE1634D8B05E}
	EndGlobalSection
EndGlobal
