
Microsoft Visual Studio Solution File, Format Version 12.00
# Visual Studio Version 17
VisualStudioVersion = 17.5.33516.290
MinimumVisualStudioVersion = 10.0.40219.1
Project("{9A19103F-16F7-4668-BE54-9A1E7A4F7556}") = "Cshap7.Demo.MathImprovement", "Cshap7.Demo.MathImprovement\Cshap7.Demo.MathImprovement.csproj", "{519915AC-779F-48FF-97AB-D88DFB98FC50}"
EndProject
Project("{9A19103F-16F7-4668-BE54-9A1E7A4F7556}") = "Cshap11.Improvement", "Cshap11.Improvement\Cshap11.Improvement.csproj", "{BFE209BB-E301-4FF0-92A8-EAFD6F8BFFA4}"
EndProject
Project("{FAE04EC0-301F-11D3-BF4B-00C04F79EFBC}") = "ThreadChannel.Demo", "ThreadChannel.Demo\ThreadChannel.Demo.csproj", "{28A5FEBE-A5EC-4666-9CB6-5AD4B5511A72}"
EndProject
Project("{FAE04EC0-301F-11D3-BF4B-00C04F79EFBC}") = "Parrallel.Demo", "Parrallel.Demo\Parrallel.Demo.csproj", "{D726780A-76BD-4F52-821D-9B8ED0857056}"
EndProject
Project("{FAE04EC0-301F-11D3-BF4B-00C04F79EFBC}") = "PatternMatch.Demo", "PatternMatch.Demo\PatternMatch.Demo.csproj", "{C753A9C1-F6C8-4180-97D4-17AEBDD88CC4}"
EndProject
Global
	GlobalSection(SolutionConfigurationPlatforms) = preSolution
		Debug|Any CPU = Debug|Any CPU
		Release|Any CPU = Release|Any CPU
	EndGlobalSection
	GlobalSection(ProjectConfigurationPlatforms) = postSolution
		{519915AC-779F-48FF-97AB-D88DFB98FC50}.Debug|Any CPU.ActiveCfg = Debug|Any CPU
		{519915AC-779F-48FF-97AB-D88DFB98FC50}.Debug|Any CPU.Build.0 = Debug|Any CPU
		{519915AC-779F-48FF-97AB-D88DFB98FC50}.Release|Any CPU.ActiveCfg = Release|Any CPU
		{519915AC-779F-48FF-97AB-D88DFB98FC50}.Release|Any CPU.Build.0 = Release|Any CPU
		{BFE209BB-E301-4FF0-92A8-EAFD6F8BFFA4}.Debug|Any CPU.ActiveCfg = Debug|Any CPU
		{BFE209BB-E301-4FF0-92A8-EAFD6F8BFFA4}.Debug|Any CPU.Build.0 = Debug|Any CPU
		{BFE209BB-E301-4FF0-92A8-EAFD6F8BFFA4}.Release|Any CPU.ActiveCfg = Release|Any CPU
		{BFE209BB-E301-4FF0-92A8-EAFD6F8BFFA4}.Release|Any CPU.Build.0 = Release|Any CPU
		{28A5FEBE-A5EC-4666-9CB6-5AD4B5511A72}.Debug|Any CPU.ActiveCfg = Debug|Any CPU
		{28A5FEBE-A5EC-4666-9CB6-5AD4B5511A72}.Debug|Any CPU.Build.0 = Debug|Any CPU
		{28A5FEBE-A5EC-4666-9CB6-5AD4B5511A72}.Release|Any CPU.ActiveCfg = Release|Any CPU
		{28A5FEBE-A5EC-4666-9CB6-5AD4B5511A72}.Release|Any CPU.Build.0 = Release|Any CPU
		{D726780A-76BD-4F52-821D-9B8ED0857056}.Debug|Any CPU.ActiveCfg = Debug|Any CPU
		{D726780A-76BD-4F52-821D-9B8ED0857056}.Debug|Any CPU.Build.0 = Debug|Any CPU
		{D726780A-76BD-4F52-821D-9B8ED0857056}.Release|Any CPU.ActiveCfg = Release|Any CPU
		{D726780A-76BD-4F52-821D-9B8ED0857056}.Release|Any CPU.Build.0 = Release|Any CPU
		{C753A9C1-F6C8-4180-97D4-17AEBDD88CC4}.Debug|Any CPU.ActiveCfg = Debug|Any CPU
		{C753A9C1-F6C8-4180-97D4-17AEBDD88CC4}.Debug|Any CPU.Build.0 = Debug|Any CPU
		{C753A9C1-F6C8-4180-97D4-17AEBDD88CC4}.Release|Any CPU.ActiveCfg = Release|Any CPU
		{C753A9C1-F6C8-4180-97D4-17AEBDD88CC4}.Release|Any CPU.Build.0 = Release|Any CPU
	EndGlobalSection
	GlobalSection(SolutionProperties) = preSolution
		HideSolutionNode = FALSE
	EndGlobalSection
	GlobalSection(ExtensibilityGlobals) = postSolution
		SolutionGuid = {F1E25799-5367-44E5-989C-166FDB6A748A}
	EndGlobalSection
EndGlobal
