
Microsoft Visual Studio Solution File, Format Version 12.00
# Visual Studio Version 17
VisualStudioVersion = 17.5.33516.290
MinimumVisualStudioVersion = 10.0.40219.1
Project("{FAE04EC0-301F-11D3-BF4B-00C04F79EFBC}") = "IfElse.Demo", "IfElse.Demo\IfElse.Demo.csproj", "{0557208A-4091-4DC5-9C62-8F987016687C}"
EndProject
Global
	GlobalSection(SolutionConfigurationPlatforms) = preSolution
		Debug|Any CPU = Debug|Any CPU
		Release|Any CPU = Release|Any CPU
	EndGlobalSection
	GlobalSection(ProjectConfigurationPlatforms) = postSolution
		{0557208A-4091-4DC5-9C62-8F987016687C}.Debug|Any CPU.ActiveCfg = Debug|Any CPU
		{0557208A-4091-4DC5-9C62-8F987016687C}.Debug|Any CPU.Build.0 = Debug|Any CPU
		{0557208A-4091-4DC5-9C62-8F987016687C}.Release|Any CPU.ActiveCfg = Release|Any CPU
		{0557208A-4091-4DC5-9C62-8F987016687C}.Release|Any CPU.Build.0 = Release|Any CPU
	EndGlobalSection
	GlobalSection(SolutionProperties) = preSolution
		HideSolutionNode = FALSE
	EndGlobalSection
	GlobalSection(ExtensibilityGlobals) = postSolution
		SolutionGuid = {11CAB035-5185-4AC5-ACED-0EEE1A3D1B66}
	EndGlobalSection
EndGlobal
